PODS:
  - QfGameSDK (2.0.2.0)
  - SVProgressHUD (2.2.5)

DEPENDENCIES:
  - QfGameSDK (from `../`)
  - SVProgressHUD

SPEC REPOS:
  trunk:
    - SVProgressHUD

EXTERNAL SOURCES:
  QfGameSDK:
    :path: "../"

SPEC CHECKSUMS:
  QfGameSDK: 3fcef8b1b5588d6142a5f42f2a94c48e9fa428a0
  SVProgressHUD: 1428aafac632c1f86f62aa4243ec12008d7a51d6

PODFILE CHECKSUM: 1199dcc25578af4ea1e61e6fe4f3fee15d9aca50

COCOAPODS: 1.11.2
