PODS:
  - QfGameSDK (2.0.1.9.1)
  - SVProgressHUD (2.2.5)

DEPENDENCIES:
  - QfGameSDK (from `https://github.com/X-Mai/QfGameSDK.git`, tag `2.0.1.9.1`)
  - SVProgressHUD

SPEC REPOS:
  trunk:
    - SVProgressHUD

EXTERNAL SOURCES:
  QfGameSDK:
    :git: https://github.com/X-Mai/QfGameSDK.git
    :tag: 2.0.1.9.1

CHECKOUT OPTIONS:
  QfGameSDK:
    :git: https://github.com/X-Mai/QfGameSDK.git
    :tag: 2.0.1.9.1

SPEC CHECKSUMS:
  QfGameSDK: 8ffa1b070844b516d99236852a7a87c32768ff0e
  SVProgressHUD: 1428aafac632c1f86f62aa4243ec12008d7a51d6

PODFILE CHECKSUM: 90389b723aeb0ef97513ec149604786d069e476e

COCOAPODS: 1.11.2
