PODS:
  - NIMSDK_LITE (8.8.3)
  - QfGameSDK (2.0.1.7):
    - NIMSDK_LITE (= 8.8.3)
    - QY_iOS_SDK (~> 6.11.0)
  - QY_iOS_SDK (6.11.0):
    - NIMSDK_LITE (= 8.8.3)
  - SVProgressHUD (2.2.5)

DEPENDENCIES:
  - QfGameSDK
  - SVProgressHUD

SPEC REPOS:
  trunk:
    - NIMSDK_LITE
    - QfGameSDK
    - QY_iOS_SDK
    - SVProgressHUD

SPEC CHECKSUMS:
  NIMSDK_LITE: 40f02533dcacd7a61a9a84a7755db791fdb68633
  QfGameSDK: e298a7a4413444c917f3a45441af0e11436aa9de
  QY_iOS_SDK: 6bac560e5830c90e06f9af3fb80ec515faf71c85
  SVProgressHUD: 1428aafac632c1f86f62aa4243ec12008d7a51d6

PODFILE CHECKSUM: 1f73094147d57b79c75000259f0b96b24462f74e

COCOAPODS: 1.11.2
